// !$*UTF8*$!
{
	archiveVersion = 1;
	classes = {
	};
	objectVersion = 50;
	objects = {

/* Begin PBXBuildFile section */
		6249B9F5214CB16900148DBC /* AppDelegate.swift in Sources */ = {isa = PBXBuildFile; fileRef = 6249B9F4214CB16900148DBC /* AppDelegate.swift */; };
		6249B9F7214CB16900148DBC /* DebugMapViewController.swift in Sources */ = {isa = PBXBuildFile; fileRef = 6249B9F6214CB16900148DBC /* DebugMapViewController.swift */; };
		6249B9FA214CB16900148DBC /* Debug.storyboard in Resources */ = {isa = PBXBuildFile; fileRef = 6249B9F8214CB16900148DBC /* Debug.storyboard */; };
		6249B9FC214CB16A00148DBC /* Assets.xcassets in Resources */ = {isa = PBXBuildFile; fileRef = 6249B9FB214CB16A00148DBC /* Assets.xcassets */; };
		6249B9FF214CB16A00148DBC /* LaunchScreen.storyboard in Resources */ = {isa = PBXBuildFile; fileRef = 6249B9FD214CB16A00148DBC /* LaunchScreen.storyboard */; };
		6249BA07214DFE3500148DBC /* LocationManager.swift in Sources */ = {isa = PBXBuildFile; fileRef = 6249BA06214DFE3500148DBC /* LocationManager.swift */; };
		6249BA09214E027E00148DBC /* Split.storyboard in Resources */ = {isa = PBXBuildFile; fileRef = 6249BA08214E027E00148DBC /* Split.storyboard */; };
		6249BA0B214E029100148DBC /* StartViewController.swift in Sources */ = {isa = PBXBuildFile; fileRef = 6249BA0A214E029100148DBC /* StartViewController.swift */; };
		6249BA0D214E058D00148DBC /* InProgressViewController.swift in Sources */ = {isa = PBXBuildFile; fileRef = 6249BA0C214E058D00148DBC /* InProgressViewController.swift */; };
		6249BA0F214E29F400148DBC /* JourneyManager.swift in Sources */ = {isa = PBXBuildFile; fileRef = 6249BA0E214E29F400148DBC /* JourneyManager.swift */; };
		6249BA11214E2B7700148DBC /* Extensions.swift in Sources */ = {isa = PBXBuildFile; fileRef = 6249BA10214E2B7700148DBC /* Extensions.swift */; };
		6249BA15214E3B2700148DBC /* Journey.swift in Sources */ = {isa = PBXBuildFile; fileRef = 6249BA14214E3B2700148DBC /* Journey.swift */; };
		62DE47BF2172E92600D68B30 /* Main.storyboard in Resources */ = {isa = PBXBuildFile; fileRef = 62DE47BE2172E92600D68B30 /* Main.storyboard */; };
		62DE47C12172E92F00D68B30 /* MainViewController.swift in Sources */ = {isa = PBXBuildFile; fileRef = 62DE47C02172E92F00D68B30 /* MainViewController.swift */; };
		62DE47C42172EABE00D68B30 /* Pulley.framework in Frameworks */ = {isa = PBXBuildFile; fileRef = 62DE47C32172EABE00D68B30 /* Pulley.framework */; };
/* End PBXBuildFile section */

/* Begin PBXFileReference section */
		6249B9F1214CB16900148DBC /* Wander.app */ = {isa = PBXFileReference; explicitFileType = wrapper.application; includeInIndex = 0; path = Wander.app; sourceTree = BUILT_PRODUCTS_DIR; };
		6249B9F4214CB16900148DBC /* AppDelegate.swift */ = {isa = PBXFileReference; lastKnownFileType = sourcecode.swift; path = AppDelegate.swift; sourceTree = "<group>"; };
		6249B9F6214CB16900148DBC /* DebugMapViewController.swift */ = {isa = PBXFileReference; lastKnownFileType = sourcecode.swift; path = DebugMapViewController.swift; sourceTree = "<group>"; };
		6249B9F9214CB16900148DBC /* Base */ = {isa = PBXFileReference; lastKnownFileType = file.storyboard; name = Base; path = Base.lproj/Debug.storyboard; sourceTree = "<group>"; };
		6249B9FB214CB16A00148DBC /* Assets.xcassets */ = {isa = PBXFileReference; lastKnownFileType = folder.assetcatalog; path = Assets.xcassets; sourceTree = "<group>"; };
		6249B9FE214CB16A00148DBC /* Base */ = {isa = PBXFileReference; lastKnownFileType = file.storyboard; name = Base; path = Base.lproj/LaunchScreen.storyboard; sourceTree = "<group>"; };
		6249BA00214CB16A00148DBC /* Info.plist */ = {isa = PBXFileReference; lastKnownFileType = text.plist.xml; path = Info.plist; sourceTree = "<group>"; };
		6249BA06214DFE3500148DBC /* LocationManager.swift */ = {isa = PBXFileReference; lastKnownFileType = sourcecode.swift; path = LocationManager.swift; sourceTree = "<group>"; };
		6249BA08214E027E00148DBC /* Split.storyboard */ = {isa = PBXFileReference; lastKnownFileType = file.storyboard; path = Split.storyboard; sourceTree = "<group>"; };
		6249BA0A214E029100148DBC /* StartViewController.swift */ = {isa = PBXFileReference; lastKnownFileType = sourcecode.swift; path = StartViewController.swift; sourceTree = "<group>"; };
		6249BA0C214E058D00148DBC /* InProgressViewController.swift */ = {isa = PBXFileReference; lastKnownFileType = sourcecode.swift; path = InProgressViewController.swift; sourceTree = "<group>"; };
		6249BA0E214E29F400148DBC /* JourneyManager.swift */ = {isa = PBXFileReference; lastKnownFileType = sourcecode.swift; path = JourneyManager.swift; sourceTree = "<group>"; };
		6249BA10214E2B7700148DBC /* Extensions.swift */ = {isa = PBXFileReference; lastKnownFileType = sourcecode.swift; path = Extensions.swift; sourceTree = "<group>"; };
		6249BA14214E3B2700148DBC /* Journey.swift */ = {isa = PBXFileReference; lastKnownFileType = sourcecode.swift; path = Journey.swift; sourceTree = "<group>"; };
		62DE47BE2172E92600D68B30 /* Main.storyboard */ = {isa = PBXFileReference; lastKnownFileType = file.storyboard; path = Main.storyboard; sourceTree = "<group>"; };
		62DE47C02172E92F00D68B30 /* MainViewController.swift */ = {isa = PBXFileReference; lastKnownFileType = sourcecode.swift; path = MainViewController.swift; sourceTree = "<group>"; };
		62DE47C32172EABE00D68B30 /* Pulley.framework */ = {isa = PBXFileReference; lastKnownFileType = wrapper.framework; name = Pulley.framework; path = Carthage/Build/iOS/Pulley.framework; sourceTree = "<group>"; };
/* End PBXFileReference section */

/* Begin PBXFrameworksBuildPhase section */
		6249B9EE214CB16900148DBC /* Frameworks */ = {
			isa = PBXFrameworksBuildPhase;
			buildActionMask = 2147483647;
			files = (
				62DE47C42172EABE00D68B30 /* Pulley.framework in Frameworks */,
			);
			runOnlyForDeploymentPostprocessing = 0;
		};
/* End PBXFrameworksBuildPhase section */

/* Begin PBXGroup section */
		6249B9E8214CB16900148DBC = {
			isa = PBXGroup;
			children = (
				6249B9F3214CB16900148DBC /* Wander */,
				6249B9F2214CB16900148DBC /* Products */,
				62DE47C22172EABD00D68B30 /* Frameworks */,
			);
			sourceTree = "<group>";
		};
		6249B9F2214CB16900148DBC /* Products */ = {
			isa = PBXGroup;
			children = (
				6249B9F1214CB16900148DBC /* Wander.app */,
			);
			name = Products;
			sourceTree = "<group>";
		};
		6249B9F3214CB16900148DBC /* Wander */ = {
			isa = PBXGroup;
			children = (
				6249B9F4214CB16900148DBC /* AppDelegate.swift */,
				6249BA16214E3B4900148DBC /* Model */,
				6249BA13214E315700148DBC /* Managers */,
				6249BA12214E314E00148DBC /* View Controllers */,
				6249BA10214E2B7700148DBC /* Extensions.swift */,
				6249B9F8214CB16900148DBC /* Debug.storyboard */,
				6249BA08214E027E00148DBC /* Split.storyboard */,
				62DE47BE2172E92600D68B30 /* Main.storyboard */,
				6249B9FB214CB16A00148DBC /* Assets.xcassets */,
				6249B9FD214CB16A00148DBC /* LaunchScreen.storyboard */,
				6249BA00214CB16A00148DBC /* Info.plist */,
			);
			path = Wander;
			sourceTree = "<group>";
		};
		6249BA12214E314E00148DBC /* View Controllers */ = {
			isa = PBXGroup;
			children = (
				6249BA0A214E029100148DBC /* StartViewController.swift */,
				6249BA0C214E058D00148DBC /* InProgressViewController.swift */,
				6249B9F6214CB16900148DBC /* DebugMapViewController.swift */,
				62DE47C02172E92F00D68B30 /* MainViewController.swift */,
			);
			path = "View Controllers";
			sourceTree = "<group>";
		};
		6249BA13214E315700148DBC /* Managers */ = {
			isa = PBXGroup;
			children = (
				6249BA06214DFE3500148DBC /* LocationManager.swift */,
				6249BA0E214E29F400148DBC /* JourneyManager.swift */,
			);
			path = Managers;
			sourceTree = "<group>";
		};
		6249BA16214E3B4900148DBC /* Model */ = {
			isa = PBXGroup;
			children = (
				6249BA14214E3B2700148DBC /* Journey.swift */,
			);
			path = Model;
			sourceTree = "<group>";
		};
		62DE47C22172EABD00D68B30 /* Frameworks */ = {
			isa = PBXGroup;
			children = (
				62DE47C32172EABE00D68B30 /* Pulley.framework */,
			);
			name = Frameworks;
			sourceTree = "<group>";
		};
/* End PBXGroup section */

/* Begin PBXNativeTarget section */
		6249B9F0214CB16900148DBC /* Wander */ = {
			isa = PBXNativeTarget;
			buildConfigurationList = 6249BA03214CB16A00148DBC /* Build configuration list for PBXNativeTarget "Wander" */;
			buildPhases = (
				6249B9ED214CB16900148DBC /* Sources */,
				6249B9EE214CB16900148DBC /* Frameworks */,
				6249B9EF214CB16900148DBC /* Resources */,
			);
			buildRules = (
			);
			dependencies = (
			);
			name = Wander;
			productName = Wander;
			productReference = 6249B9F1214CB16900148DBC /* Wander.app */;
			productType = "com.apple.product-type.application";
		};
/* End PBXNativeTarget section */

/* Begin PBXProject section */
		6249B9E9214CB16900148DBC /* Project object */ = {
			isa = PBXProject;
			attributes = {
				LastSwiftUpdateCheck = 1000;
				LastUpgradeCheck = 1000;
				ORGANIZATIONNAME = "Dylan Elliott";
				TargetAttributes = {
					6249B9F0214CB16900148DBC = {
						CreatedOnToolsVersion = 10.0;
						SystemCapabilities = {
							com.apple.BackgroundModes = {
								enabled = 1;
							};
						};
					};
				};
			};
			buildConfigurationList = 6249B9EC214CB16900148DBC /* Build configuration list for PBXProject "Wander" */;
			compatibilityVersion = "Xcode 9.3";
			developmentRegion = en;
			hasScannedForEncodings = 0;
			knownRegions = (
				en,
				Base,
			);
			mainGroup = 6249B9E8214CB16900148DBC;
			productRefGroup = 6249B9F2214CB16900148DBC /* Products */;
			projectDirPath = "";
			projectRoot = "";
			targets = (
				6249B9F0214CB16900148DBC /* Wander */,
			);
		};
/* End PBXProject section */

/* Begin PBXResourcesBuildPhase section */
		6249B9EF214CB16900148DBC /* Resources */ = {
			isa = PBXResourcesBuildPhase;
			buildActionMask = 2147483647;
			files = (
				6249B9FF214CB16A00148DBC /* LaunchScreen.storyboard in Resources */,
				62DE47BF2172E92600D68B30 /* Main.storyboard in Resources */,
				6249B9FC214CB16A00148DBC /* Assets.xcassets in Resources */,
				6249B9FA214CB16900148DBC /* Debug.storyboard in Resources */,
				6249BA09214E027E00148DBC /* Split.storyboard in Resources */,
			);
			runOnlyForDeploymentPostprocessing = 0;
		};
/* End PBXResourcesBuildPhase section */

/* Begin PBXSourcesBuildPhase section */
		6249B9ED214CB16900148DBC /* Sources */ = {
			isa = PBXSourcesBuildPhase;
			buildActionMask = 2147483647;
			files = (
				6249BA0F214E29F400148DBC /* JourneyManager.swift in Sources */,
				6249B9F7214CB16900148DBC /* DebugMapViewController.swift in Sources */,
				6249BA0B214E029100148DBC /* StartViewController.swift in Sources */,
				6249B9F5214CB16900148DBC /* AppDelegate.swift in Sources */,
				6249BA15214E3B2700148DBC /* Journey.swift in Sources */,
				6249BA07214DFE3500148DBC /* LocationManager.swift in Sources */,
				62DE47C12172E92F00D68B30 /* MainViewController.swift in Sources */,
				6249BA0D214E058D00148DBC /* InProgressViewController.swift in Sources */,
				6249BA11214E2B7700148DBC /* Extensions.swift in Sources */,
			);
			runOnlyForDeploymentPostprocessing = 0;
		};
/* End PBXSourcesBuildPhase section */

/* Begin PBXVariantGroup section */
		6249B9F8214CB16900148DBC /* Debug.storyboard */ = {
			isa = PBXVariantGroup;
			children = (
				6249B9F9214CB16900148DBC /* Base */,
			);
			name = Debug.storyboard;
			sourceTree = "<group>";
		};
		6249B9FD214CB16A00148DBC /* LaunchScreen.storyboard */ = {
			isa = PBXVariantGroup;
			children = (
				6249B9FE214CB16A00148DBC /* Base */,
			);
			name = LaunchScreen.storyboard;
			sourceTree = "<group>";
		};
/* End PBXVariantGroup section */

/* Begin XCBuildConfiguration section */
		6249BA01214CB16A00148DBC /* Debug */ = {
			isa = XCBuildConfiguration;
			buildSettings = {
				ALWAYS_SEARCH_USER_PATHS = NO;
				CLANG_ANALYZER_NONNULL = YES;
				CLANG_ANALYZER_NUMBER_OBJECT_CONVERSION = YES_AGGRESSIVE;
				CLANG_CXX_LANGUAGE_STANDARD = "gnu++14";
				CLANG_CXX_LIBRARY = "libc++";
				CLANG_ENABLE_MODULES = YES;
				CLANG_ENABLE_OBJC_ARC = YES;
				CLANG_ENABLE_OBJC_WEAK = YES;
				CLANG_WARN_BLOCK_CAPTURE_AUTORELEASING = YES;
				CLANG_WARN_BOOL_CONVERSION = YES;
				CLANG_WARN_COMMA = YES;
				CLANG_WARN_CONSTANT_CONVERSION = YES;
				CLANG_WARN_DEPRECATED_OBJC_IMPLEMENTATIONS = YES;
				CLANG_WARN_DIRECT_OBJC_ISA_USAGE = YES_ERROR;
				CLANG_WARN_DOCUMENTATION_COMMENTS = YES;
				CLANG_WARN_EMPTY_BODY = YES;
				CLANG_WARN_ENUM_CONVERSION = YES;
				CLANG_WARN_INFINITE_RECURSION = YES;
				CLANG_WARN_INT_CONVERSION = YES;
				CLANG_WARN_NON_LITERAL_NULL_CONVERSION = YES;
				CLANG_WARN_OBJC_IMPLICIT_RETAIN_SELF = YES;
				CLANG_WARN_OBJC_LITERAL_CONVERSION = YES;
				CLANG_WARN_OBJC_ROOT_CLASS = YES_ERROR;
				CLANG_WARN_RANGE_LOOP_ANALYSIS = YES;
				CLANG_WARN_STRICT_PROTOTYPES = YES;
				CLANG_WARN_SUSPICIOUS_MOVE = YES;
				CLANG_WARN_UNGUARDED_AVAILABILITY = YES_AGGRESSIVE;
				CLANG_WARN_UNREACHABLE_CODE = YES;
				CLANG_WARN__DUPLICATE_METHOD_MATCH = YES;
				CODE_SIGN_IDENTITY = "iPhone Developer";
				COPY_PHASE_STRIP = NO;
				DEBUG_INFORMATION_FORMAT = dwarf;
				ENABLE_STRICT_OBJC_MSGSEND = YES;
				ENABLE_TESTABILITY = YES;
				GCC_C_LANGUAGE_STANDARD = gnu11;
				GCC_DYNAMIC_NO_PIC = NO;
				GCC_NO_COMMON_BLOCKS = YES;
				GCC_OPTIMIZATION_LEVEL = 0;
				GCC_PREPROCESSOR_DEFINITIONS = (
					"DEBUG=1",
					"$(inherited)",
				);
				GCC_WARN_64_TO_32_BIT_CONVERSION = YES;
				GCC_WARN_ABOUT_RETURN_TYPE = YES_ERROR;
				GCC_WARN_UNDECLARED_SELECTOR = YES;
				GCC_WARN_UNINITIALIZED_AUTOS = YES_AGGRESSIVE;
				GCC_WARN_UNUSED_FUNCTION = YES;
				GCC_WARN_UNUSED_VARIABLE = YES;
				IPHONEOS_DEPLOYMENT_TARGET = 12.0;
				MTL_ENABLE_DEBUG_INFO = INCLUDE_SOURCE;
				ONLY_ACTIVE_ARCH = YES;
				SDKROOT = iphoneos;
				SWIFT_ACTIVE_COMPILATION_CONDITIONS = DEBUG;
				SWIFT_OPTIMIZATION_LEVEL = "-Onone";
			};
			name = Debug;
		};
		6249BA02214CB16A00148DBC /* Release */ = {
			isa = XCBuildConfiguration;
			buildSettings = {
				ALWAYS_SEARCH_USER_PATHS = NO;
				CLANG_ANALYZER_NONNULL = YES;
				CLANG_ANALYZER_NUMBER_OBJECT_CONVERSION = YES_AGGRESSIVE;
				CLANG_CXX_LANGUAGE_STANDARD = "gnu++14";
				CLANG_CXX_LIBRARY = "libc++";
				CLANG_ENABLE_MODULES = YES;
				CLANG_ENABLE_OBJC_ARC = YES;
				CLANG_ENABLE_OBJC_WEAK = YES;
				CLANG_WARN_BLOCK_CAPTURE_AUTORELEASING = YES;
				CLANG_WARN_BOOL_CONVERSION = YES;
				CLANG_WARN_COMMA = YES;
				CLANG_WARN_CONSTANT_CONVERSION = YES;
				CLANG_WARN_DEPRECATED_OBJC_IMPLEMENTATIONS = YES;
				CLANG_WARN_DIRECT_OBJC_ISA_USAGE = YES_ERROR;
				CLANG_WARN_DOCUMENTATION_COMMENTS = YES;
				CLANG_WARN_EMPTY_BODY = YES;
				CLANG_WARN_ENUM_CONVERSION = YES;
				CLANG_WARN_INFINITE_RECURSION = YES;
				CLANG_WARN_INT_CONVERSION = YES;
				CLANG_WARN_NON_LITERAL_NULL_CONVERSION = YES;
				CLANG_WARN_OBJC_IMPLICIT_RETAIN_SELF = YES;
				CLANG_WARN_OBJC_LITERAL_CONVERSION = YES;
				CLANG_WARN_OBJC_ROOT_CLASS = YES_ERROR;
				CLANG_WARN_RANGE_LOOP_ANALYSIS = YES;
				CLANG_WARN_STRICT_PROTOTYPES = YES;
				CLANG_WARN_SUSPICIOUS_MOVE = YES;
				CLANG_WARN_UNGUARDED_AVAILABILITY = YES_AGGRESSIVE;
				CLANG_WARN_UNREACHABLE_CODE = YES;
				CLANG_WARN__DUPLICATE_METHOD_MATCH = YES;
				CODE_SIGN_IDENTITY = "iPhone Developer";
				COPY_PHASE_STRIP = NO;
				DEBUG_INFORMATION_FORMAT = "dwarf-with-dsym";
				ENABLE_NS_ASSERTIONS = NO;
				ENABLE_STRICT_OBJC_MSGSEND = YES;
				GCC_C_LANGUAGE_STANDARD = gnu11;
				GCC_NO_COMMON_BLOCKS = YES;
				GCC_WARN_64_TO_32_BIT_CONVERSION = YES;
				GCC_WARN_ABOUT_RETURN_TYPE = YES_ERROR;
				GCC_WARN_UNDECLARED_SELECTOR = YES;
				GCC_WARN_UNINITIALIZED_AUTOS = YES_AGGRESSIVE;
				GCC_WARN_UNUSED_FUNCTION = YES;
				GCC_WARN_UNUSED_VARIABLE = YES;
				IPHONEOS_DEPLOYMENT_TARGET = 12.0;
				MTL_ENABLE_DEBUG_INFO = NO;
				SDKROOT = iphoneos;
				SWIFT_COMPILATION_MODE = wholemodule;
				SWIFT_OPTIMIZATION_LEVEL = "-O";
				VALIDATE_PRODUCT = YES;
			};
			name = Release;
		};
		6249BA04214CB16A00148DBC /* Debug */ = {
			isa = XCBuildConfiguration;
			buildSettings = {
				ASSETCATALOG_COMPILER_APPICON_NAME = AppIcon;
				CODE_SIGN_STYLE = Automatic;
				DEVELOPMENT_TEAM = 6CW3378X23;
				FRAMEWORK_SEARCH_PATHS = (
					"$(inherited)",
					"$(PROJECT_DIR)/Carthage/Build/iOS",
				);
				INFOPLIST_FILE = Wander/Info.plist;
				LD_RUNPATH_SEARCH_PATHS = (
					"$(inherited)",
					"@executable_path/Frameworks",
				);
				PRODUCT_BUNDLE_IDENTIFIER = com.dylanelliott.Wander;
				PRODUCT_NAME = "$(TARGET_NAME)";
				SWIFT_VERSION = 4.2;
				TARGETED_DEVICE_FAMILY = "1,2";
			};
			name = Debug;
		};
		6249BA05214CB16A00148DBC /* Release */ = {
			isa = XCBuildConfiguration;
			buildSettings = {
				ASSETCATALOG_COMPILER_APPICON_NAME = AppIcon;
				CODE_SIGN_STYLE = Automatic;
				DEVELOPMENT_TEAM = 6CW3378X23;
				FRAMEWORK_SEARCH_PATHS = (
					"$(inherited)",
					"$(PROJECT_DIR)/Carthage/Build/iOS",
				);
				INFOPLIST_FILE = Wander/Info.plist;
				LD_RUNPATH_SEARCH_PATHS = (
					"$(inherited)",
					"@executable_path/Frameworks",
				);
				PRODUCT_BUNDLE_IDENTIFIER = com.dylanelliott.Wander;
				PRODUCT_NAME = "$(TARGET_NAME)";
				SWIFT_VERSION = 4.2;
				TARGETED_DEVICE_FAMILY = "1,2";
			};
			name = Release;
		};
/* End XCBuildConfiguration section */

/* Begin XCConfigurationList section */
		6249B9EC214CB16900148DBC /* Build configuration list for PBXProject "Wander" */ = {
			isa = XCConfigurationList;
			buildConfigurations = (
				6249BA01214CB16A00148DBC /* Debug */,
				6249BA02214CB16A00148DBC /* Release */,
			);
			defaultConfigurationIsVisible = 0;
			defaultConfigurationName = Release;
		};
		6249BA03214CB16A00148DBC /* Build configuration list for PBXNativeTarget "Wander" */ = {
			isa = XCConfigurationList;
			buildConfigurations = (
				6249BA04214CB16A00148DBC /* Debug */,
				6249BA05214CB16A00148DBC /* Release */,
			);
			defaultConfigurationIsVisible = 0;
			defaultConfigurationName = Release;
		};
/* End XCConfigurationList section */
	};
	rootObject = 6249B9E9214CB16900148DBC /* Project object */;
}
